
Microsoft Visual Studio Solution File, Format Version 12.00
# Visual Studio Version 17
VisualStudioVersion = 17.0.32014.148
MinimumVisualStudioVersion = 10.0.40219.1
Project("{FAE04EC0-301F-11D3-BF4B-00C04F79EFBC}") = "PresentationTier", "PresentationTier\PresentationTier.csproj", "{EF0B7B7B-EB7D-4A7A-BE7A-222B7FC03F20}"
EndProject
Project("{FAE04EC0-301F-11D3-BF4B-00C04F79EFBC}") = "DataTier", "DataTier\DataTier.csproj", "{F8651554-FCD1-4E7A-A4DF-F1DF037FE922}"
EndProject
Project("{FAE04EC0-301F-11D3-BF4B-00C04F79EFBC}") = "EntityTier", "EntityTier\EntityTier.csproj", "{A59A4A6C-1B43-42DE-B19E-C0489AB6ED79}"
EndProject
Project("{FAE04EC0-301F-11D3-BF4B-00C04F79EFBC}") = "BusinessTier", "BusinessTier\BusinessTier.csproj", "{383053B2-63D9-4380-AFF5-8ED50C9EE10A}"
EndProject
Global
	GlobalSection(SolutionConfigurationPlatforms) = preSolution
		Debug|Any CPU = Debug|Any CPU
		Release|Any CPU = Release|Any CPU
	EndGlobalSection
	GlobalSection(ProjectConfigurationPlatforms) = postSolution
		{EF0B7B7B-EB7D-4A7A-BE7A-222B7FC03F20}.Debug|Any CPU.ActiveCfg = Debug|Any CPU
		{EF0B7B7B-EB7D-4A7A-BE7A-222B7FC03F20}.Debug|Any CPU.Build.0 = Debug|Any CPU
		{EF0B7B7B-EB7D-4A7A-BE7A-222B7FC03F20}.Release|Any CPU.ActiveCfg = Release|Any CPU
		{EF0B7B7B-EB7D-4A7A-BE7A-222B7FC03F20}.Release|Any CPU.Build.0 = Release|Any CPU
		{F8651554-FCD1-4E7A-A4DF-F1DF037FE922}.Debug|Any CPU.ActiveCfg = Debug|Any CPU
		{F8651554-FCD1-4E7A-A4DF-F1DF037FE922}.Debug|Any CPU.Build.0 = Debug|Any CPU
		{F8651554-FCD1-4E7A-A4DF-F1DF037FE922}.Release|Any CPU.ActiveCfg = Release|Any CPU
		{F8651554-FCD1-4E7A-A4DF-F1DF037FE922}.Release|Any CPU.Build.0 = Release|Any CPU
		{A59A4A6C-1B43-42DE-B19E-C0489AB6ED79}.Debug|Any CPU.ActiveCfg = Debug|Any CPU
		{A59A4A6C-1B43-42DE-B19E-C0489AB6ED79}.Debug|Any CPU.Build.0 = Debug|Any CPU
		{A59A4A6C-1B43-42DE-B19E-C0489AB6ED79}.Release|Any CPU.ActiveCfg = Release|Any CPU
		{A59A4A6C-1B43-42DE-B19E-C0489AB6ED79}.Release|Any CPU.Build.0 = Release|Any CPU
		{383053B2-63D9-4380-AFF5-8ED50C9EE10A}.Debug|Any CPU.ActiveCfg = Debug|Any CPU
		{383053B2-63D9-4380-AFF5-8ED50C9EE10A}.Debug|Any CPU.Build.0 = Debug|Any CPU
		{383053B2-63D9-4380-AFF5-8ED50C9EE10A}.Release|Any CPU.ActiveCfg = Release|Any CPU
		{383053B2-63D9-4380-AFF5-8ED50C9EE10A}.Release|Any CPU.Build.0 = Release|Any CPU
	EndGlobalSection
	GlobalSection(SolutionProperties) = preSolution
		HideSolutionNode = FALSE
	EndGlobalSection
	GlobalSection(ExtensibilityGlobals) = postSolution
		SolutionGuid = {FE35369E-2EE6-4B0D-946F-C65B51981374}
	EndGlobalSection
EndGlobal
